{
  "version": 4,
  "terraform_version": "1.5.6",
  "serial": 15,
  "lineage": "bbd3c2ae-0b6d-36b8-e4a6-1e7d09383b49",
  "outputs": {
    "vm_public_ip": {
      "value": "52.15.214.155",
      "type": "string"
    }
  },
  "resources": [
    {
      "mode": "data",
      "type": "http",
      "name": "my_public_ip",
      "provider": "provider[\"registry.terraform.io/hashicorp/http\"]",
      "instances": [
        {
          "schema_version": 0,
          "attributes": {
            "body": "{\n  \"ip\": \"2600:1700:158f:4c00:60ed:7034:c57a:dea9\",\n  \"ip_decimal\": 50511130341920107664054617554747580073,\n  \"country\": \"United States\",\n  \"country_iso\": \"US\",\n  \"country_eu\": false,\n  \"region_name\": \"Florida\",\n  \"region_code\": \"FL\",\n  \"metro_code\": 534,\n  \"zip_code\": \"32806\",\n  \"city\": \"Orlando\",\n  \"latitude\": 28.5156,\n  \"longitude\": -81.3574,\n  \"time_zone\": \"America/New_York\",\n  \"asn\": \"AS7018\",\n  \"asn_org\": \"ATT-INTERNET4\",\n  \"user_agent\": {\n    \"product\": \"Go-http-client\",\n    \"version\": \"2.0\",\n    \"raw_value\": \"Go-http-client/2.0\"\n  }\n}",
            "ca_cert_pem": null,
            "id": "https://ifconfig.co/json",
            "insecure": null,
            "method": null,
            "request_body": null,
            "request_headers": {
              "Accept": "application/json"
            },
            "request_timeout_ms": null,
            "response_body": "{\n  \"ip\": \"2600:1700:158f:4c00:60ed:7034:c57a:dea9\",\n  \"ip_decimal\": 50511130341920107664054617554747580073,\n  \"country\": \"United States\",\n  \"country_iso\": \"US\",\n  \"country_eu\": false,\n  \"region_name\": \"Florida\",\n  \"region_code\": \"FL\",\n  \"metro_code\": 534,\n  \"zip_code\": \"32806\",\n  \"city\": \"Orlando\",\n  \"latitude\": 28.5156,\n  \"longitude\": -81.3574,\n  \"time_zone\": \"America/New_York\",\n  \"asn\": \"AS7018\",\n  \"asn_org\": \"ATT-INTERNET4\",\n  \"user_agent\": {\n    \"product\": \"Go-http-client\",\n    \"version\": \"2.0\",\n    \"raw_value\": \"Go-http-client/2.0\"\n  }\n}",
            "response_body_base64": "ewogICJpcCI6ICIyNjAwOjE3MDA6MTU4Zjo0YzAwOjYwZWQ6NzAzNDpjNTdhOmRlYTkiLAogICJpcF9kZWNpbWFsIjogNTA1MTExMzAzNDE5MjAxMDc2NjQwNTQ2MTc1NTQ3NDc1ODAwNzMsCiAgImNvdW50cnkiOiAiVW5pdGVkIFN0YXRlcyIsCiAgImNvdW50cnlfaXNvIjogIlVTIiwKICAiY291bnRyeV9ldSI6IGZhbHNlLAogICJyZWdpb25fbmFtZSI6ICJGbG9yaWRhIiwKICAicmVnaW9uX2NvZGUiOiAiRkwiLAogICJtZXRyb19jb2RlIjogNTM0LAogICJ6aXBfY29kZSI6ICIzMjgwNiIsCiAgImNpdHkiOiAiT3JsYW5kbyIsCiAgImxhdGl0dWRlIjogMjguNTE1NiwKICAibG9uZ2l0dWRlIjogLTgxLjM1NzQsCiAgInRpbWVfem9uZSI6ICJBbWVyaWNhL05ld19Zb3JrIiwKICAiYXNuIjogIkFTNzAxOCIsCiAgImFzbl9vcmciOiAiQVRULUlOVEVSTkVUNCIsCiAgInVzZXJfYWdlbnQiOiB7CiAgICAicHJvZHVjdCI6ICJHby1odHRwLWNsaWVudCIsCiAgICAidmVyc2lvbiI6ICIyLjAiLAogICAgInJhd192YWx1ZSI6ICJHby1odHRwLWNsaWVudC8yLjAiCiAgfQp9",
            "response_headers": {
              "Alt-Svc": "h3=\":443\"; ma=86400",
              "Cf-Cache-Status": "DYNAMIC",
              "Cf-Ray": "7fae6869d96d8dc1-MIA",
              "Content-Type": "application/json",
              "Date": "Tue, 22 Aug 2023 22:03:48 GMT",
              "Nel": "{\"success_fraction\":0,\"report_to\":\"cf-nel\",\"max_age\":604800}",
              "Report-To": "{\"endpoints\":[{\"url\":\"https:\\/\\/a.nel.cloudflare.com\\/report\\/v3?s=xO85oDI1Jx%2BSmG%2Bwz%2BqWg64o9hC6K0NmqvQeKYpyoG4LSQhmqxC1TwvHQz12OzlXJZNhqXGJNv3nhVi03M7oS%2FmtQlUY9d%2FydNBRRdtXt3%2BlURG0hzQN8b8aMNtCEGMr84PyfDe%2FGr0EuQ%3D%3D\"}],\"group\":\"cf-nel\",\"max_age\":604800}",
              "Server": "cloudflare"
            },
            "retry": null,
            "status_code": 200,
            "url": "https://ifconfig.co/json"
          },
          "sensitive_attributes": []
        }
      ]
    },
    {
      "mode": "managed",
      "type": "aws_eip",
      "name": "elastic_ip",
      "provider": "provider[\"registry.terraform.io/hashicorp/aws\"]",
      "instances": [
        {
          "schema_version": 0,
          "attributes": {
            "address": null,
            "allocation_id": "eipalloc-0d13cfadb68394598",
            "associate_with_private_ip": null,
            "association_id": "eipassoc-072e4d186af1422ad",
            "carrier_ip": "",
            "customer_owned_ip": "",
            "customer_owned_ipv4_pool": "",
            "domain": "vpc",
            "id": "eipalloc-0d13cfadb68394598",
            "instance": "i-005f3f2f0f118eff6",
            "network_border_group": "us-east-2",
            "network_interface": "eni-0fc918c6adb31ccae",
            "private_dns": "ip-10-0-101-235.us-east-2.compute.internal",
            "private_ip": "10.0.101.235",
            "public_dns": "ec2-52-15-214-155.us-east-2.compute.amazonaws.com",
            "public_ip": "52.15.214.155",
            "public_ipv4_pool": "amazon",
            "tags": null,
            "tags_all": {},
            "timeouts": null,
            "vpc": true
          },
          "sensitive_attributes": [],
          "private": "eyJlMmJmYjczMC1lY2FhLTExZTYtOGY4OC0zNDM2M2JjN2M0YzAiOnsiZGVsZXRlIjoxODAwMDAwMDAwMDAsInJlYWQiOjkwMDAwMDAwMDAwMCwidXBkYXRlIjozMDAwMDAwMDAwMDB9fQ==",
          "dependencies": [
            "aws_instance.app_vm",
            "aws_key_pair.app_ssh",
            "aws_security_group.vm_sg",
            "module.vpc.aws_subnet.public",
            "module.vpc.aws_vpc.this",
            "module.vpc.aws_vpc_ipv4_cidr_block_association.this",
            "random_string.random"
          ]
        }
      ]
    },
    {
      "mode": "managed",
      "type": "aws_instance",
      "name": "app_vm",
      "provider": "provider[\"registry.terraform.io/hashicorp/aws\"]",
      "instances": [
        {
          "schema_version": 1,
          "attributes": {
            "ami": "ami-024e6efaf93d85776",
            "arn": "arn:aws:ec2:us-east-2:707817562255:instance/i-005f3f2f0f118eff6",
            "associate_public_ip_address": false,
            "availability_zone": "us-east-2a",
            "capacity_reservation_specification": [
              {
                "capacity_reservation_preference": "open",
                "capacity_reservation_target": []
              }
            ],
            "cpu_core_count": 1,
            "cpu_options": [
              {
                "amd_sev_snp": "",
                "core_count": 1,
                "threads_per_core": 1
              }
            ],
            "cpu_threads_per_core": 1,
            "credit_specification": [
              {
                "cpu_credits": "standard"
              }
            ],
            "disable_api_stop": false,
            "disable_api_termination": false,
            "ebs_block_device": [],
            "ebs_optimized": false,
            "enclave_options": [
              {
                "enabled": false
              }
            ],
            "ephemeral_block_device": [],
            "get_password_data": false,
            "hibernation": false,
            "host_id": "",
            "host_resource_group_arn": null,
            "iam_instance_profile": "",
            "id": "i-005f3f2f0f118eff6",
            "instance_initiated_shutdown_behavior": "stop",
            "instance_lifecycle": "",
            "instance_market_options": [],
            "instance_state": "running",
            "instance_type": "t2.micro",
            "ipv6_address_count": 0,
            "ipv6_addresses": [],
            "key_name": "application-ssh-ZfM",
            "launch_template": [],
            "maintenance_options": [
              {
                "auto_recovery": "default"
              }
            ],
            "metadata_options": [
              {
                "http_endpoint": "enabled",
                "http_protocol_ipv6": "disabled",
                "http_put_response_hop_limit": 1,
                "http_tokens": "optional",
                "instance_metadata_tags": "disabled"
              }
            ],
            "monitoring": false,
            "network_interface": [],
            "outpost_arn": "",
            "password_data": "",
            "placement_group": "",
            "placement_partition_number": 0,
            "primary_network_interface_id": "eni-0fc918c6adb31ccae",
            "private_dns": "ip-10-0-101-235.us-east-2.compute.internal",
            "private_dns_name_options": [
              {
                "enable_resource_name_dns_a_record": false,
                "enable_resource_name_dns_aaaa_record": false,
                "hostname_type": "ip-name"
              }
            ],
            "private_ip": "10.0.101.235",
            "public_dns": "",
            "public_ip": "",
            "root_block_device": [
              {
                "delete_on_termination": true,
                "device_name": "/dev/sda1",
                "encrypted": false,
                "iops": 100,
                "kms_key_id": "",
                "tags": {},
                "throughput": 0,
                "volume_id": "vol-0ae346b6f9d5f4e56",
                "volume_size": 8,
                "volume_type": "gp2"
              }
            ],
            "secondary_private_ips": [],
            "security_groups": [],
            "source_dest_check": true,
            "spot_instance_request_id": "",
            "subnet_id": "subnet-012c7747b112cdff6",
            "tags": {
              "Name": "application-vm",
              "createdBy": "terraform-user"
            },
            "tags_all": {
              "Name": "application-vm",
              "createdBy": "terraform-user"
            },
            "tenancy": "default",
            "timeouts": null,
            "user_data": null,
            "user_data_base64": null,
            "user_data_replace_on_change": false,
            "volume_tags": null,
            "vpc_security_group_ids": [
              "sg-0a8c3c2adcc631934"
            ]
          },
          "sensitive_attributes": [],
          "private": "eyJlMmJmYjczMC1lY2FhLTExZTYtOGY4OC0zNDM2M2JjN2M0YzAiOnsiY3JlYXRlIjo2MDAwMDAwMDAwMDAsImRlbGV0ZSI6MTIwMDAwMDAwMDAwMCwidXBkYXRlIjo2MDAwMDAwMDAwMDB9LCJzY2hlbWFfdmVyc2lvbiI6IjEifQ==",
          "dependencies": [
            "aws_key_pair.app_ssh",
            "aws_security_group.vm_sg",
            "module.vpc.aws_subnet.public",
            "module.vpc.aws_vpc.this",
            "module.vpc.aws_vpc_ipv4_cidr_block_association.this",
            "random_string.random"
          ]
        }
      ]
    },
    {
      "mode": "managed",
      "type": "aws_key_pair",
      "name": "app_ssh",
      "provider": "provider[\"registry.terraform.io/hashicorp/aws\"]",
      "instances": [
        {
          "schema_version": 1,
          "attributes": {
            "arn": "arn:aws:ec2:us-east-2:707817562255:key-pair/application-ssh-ZfM",
            "fingerprint": "87:12:c2:1b:dc:11:64:db:b8:56:75:e0:1f:65:23:e4",
            "id": "application-ssh-ZfM",
            "key_name": "application-ssh-ZfM",
            "key_name_prefix": "",
            "key_pair_id": "key-0e6d64340e3bc7e13",
            "key_type": "rsa",
            "public_key": "ssh-rsa AAAAB3NzaC1yc2EAAAADAQABAAACAQDD+SCUCcdXHmMIwBQKjVIiAt4Txp7BRwujMJTtuyFi9cPKWoLSE6qjfZ522URX4eFFaC/U3unQDQaCIaA8x19Pus3vas/A2S+Flc9p8HoHwOHchXnv9/80XXbLY7klpzGV6r+e8BRPcpMsBl8B8xdYihU9ZRC2m1e1S08nWoXG6Lnj+C8pFYF2xbQ61SSDcEDKZ3ZPdKe0KUOeWrwNmGOhUaLaaHb6Ng6PS6ukht+pdtrTUnB0sgAtezTGpW1F2CmyTmiwXBkSZHX0RgBhMWyZX2aHEg0ZvrlHKrOf+GRyVp3Ek2qONBMC+mwMXbyoLhsDNjg6fl3ojpEW6UuyhmpRfmUO/lkIKa+Cvvc4f2g0Zd/d1egvhyQMSIZtM/BIePy3I3hh/8vgjd9h8+zEjSz/F915sO2a39h/EdxiGI/TMP9yc0/jAqMPMvBN5clVYIPdc/9D7fbJH9cIVSSNsA/jC0rGHgNAwppkTW13g/BzNHuIPkGiJ3HFZYmJyqQlrr8kB/G31281EUc9ykTpYPx3cgmU5ap0QT5kai0soVAJeNwLa6rdRClR8HPMWptgdMiQOQONtKlLUod2FIiobTk+Wzd0L2T26XGFdeIUCde5ul5plVXa6uYsJmb9KotXMdpSbvLqBJI2vQowME4lSsSbQdayF6aElrve96OqdxxH8w== wood@wood-Vostro-7620",
            "tags": {
              "Name": "application-ssh",
              "createdBy": "terraform-user"
            },
            "tags_all": {
              "Name": "application-ssh",
              "createdBy": "terraform-user"
            }
          },
          "sensitive_attributes": [],
          "private": "eyJzY2hlbWFfdmVyc2lvbiI6IjEifQ==",
          "dependencies": [
            "random_string.random"
          ]
        }
      ]
    },
    {
      "mode": "managed",
      "type": "aws_security_group",
      "name": "vm_sg",
      "provider": "provider[\"registry.terraform.io/hashicorp/aws\"]",
      "instances": [
        {
          "schema_version": 1,
          "attributes": {
            "arn": "arn:aws:ec2:us-east-2:707817562255:security-group/sg-0a8c3c2adcc631934",
            "description": "Allow incoming connections",
            "egress": [
              {
                "cidr_blocks": [
                  "0.0.0.0/0"
                ],
                "description": "",
                "from_port": 443,
                "ipv6_cidr_blocks": [],
                "prefix_list_ids": [],
                "protocol": "tcp",
                "security_groups": [],
                "self": false,
                "to_port": 443
              },
              {
                "cidr_blocks": [
                  "0.0.0.0/0"
                ],
                "description": "",
                "from_port": 80,
                "ipv6_cidr_blocks": [],
                "prefix_list_ids": [],
                "protocol": "tcp",
                "security_groups": [],
                "self": false,
                "to_port": 80
              }
            ],
            "id": "sg-0a8c3c2adcc631934",
            "ingress": [
              {
                "cidr_blocks": [
                  "0.0.0.0/0"
                ],
                "description": "",
                "from_port": 443,
                "ipv6_cidr_blocks": [],
                "prefix_list_ids": [],
                "protocol": "tcp",
                "security_groups": [],
                "self": false,
                "to_port": 443
              },
              {
                "cidr_blocks": [
                  "0.0.0.0/0"
                ],
                "description": "",
                "from_port": 80,
                "ipv6_cidr_blocks": [],
                "prefix_list_ids": [],
                "protocol": "tcp",
                "security_groups": [],
                "self": false,
                "to_port": 80
              },
              {
                "cidr_blocks": [
                  "172.0.0.0/32"
                ],
                "description": "",
                "from_port": 22,
                "ipv6_cidr_blocks": [],
                "prefix_list_ids": [],
                "protocol": "tcp",
                "security_groups": [],
                "self": false,
                "to_port": 22
              }
            ],
            "name": "vm-security-group",
            "name_prefix": "",
            "owner_id": "707817562255",
            "revoke_rules_on_delete": false,
            "tags": null,
            "tags_all": {},
            "timeouts": null,
            "vpc_id": "vpc-04a76a0944a1bbd54"
          },
          "sensitive_attributes": [],
          "private": "eyJlMmJmYjczMC1lY2FhLTExZTYtOGY4OC0zNDM2M2JjN2M0YzAiOnsiY3JlYXRlIjo2MDAwMDAwMDAwMDAsImRlbGV0ZSI6OTAwMDAwMDAwMDAwfSwic2NoZW1hX3ZlcnNpb24iOiIxIn0=",
          "dependencies": [
            "module.vpc.aws_vpc.this"
          ]
        }
      ]
    },
    {
      "mode": "managed",
      "type": "random_string",
      "name": "random",
      "provider": "provider[\"registry.terraform.io/hashicorp/random\"]",
      "instances": [
        {
          "schema_version": 1,
          "attributes": {
            "id": "ZfM",
            "keepers": null,
            "length": 3,
            "lower": true,
            "min_lower": 0,
            "min_numeric": 0,
            "min_special": 0,
            "min_upper": 0,
            "number": true,
            "override_special": "/@£$",
            "result": "ZfM",
            "special": true,
            "upper": true
          },
          "sensitive_attributes": [],
          "private": "eyJzY2hlbWFfdmVyc2lvbiI6IjEifQ=="
        }
      ]
    },
    {
      "module": "module.vpc",
      "mode": "managed",
      "type": "aws_default_network_acl",
      "name": "this",
      "provider": "provider[\"registry.terraform.io/hashicorp/aws\"]",
      "instances": [
        {
          "index_key": 0,
          "schema_version": 0,
          "attributes": {
            "arn": "arn:aws:ec2:us-east-2:707817562255:network-acl/acl-0e847121db04324b9",
            "default_network_acl_id": "acl-0e847121db04324b9",
            "egress": [
              {
                "action": "allow",
                "cidr_block": "",
                "from_port": 0,
                "icmp_code": null,
                "icmp_type": null,
                "ipv6_cidr_block": "::/0",
                "protocol": "-1",
                "rule_no": 101,
                "to_port": 0
              },
              {
                "action": "allow",
                "cidr_block": "0.0.0.0/0",
                "from_port": 0,
                "icmp_code": null,
                "icmp_type": null,
                "ipv6_cidr_block": "",
                "protocol": "-1",
                "rule_no": 100,
                "to_port": 0
              }
            ],
            "id": "acl-0e847121db04324b9",
            "ingress": [
              {
                "action": "allow",
                "cidr_block": "",
                "from_port": 0,
                "icmp_code": null,
                "icmp_type": null,
                "ipv6_cidr_block": "::/0",
                "protocol": "-1",
                "rule_no": 101,
                "to_port": 0
              },
              {
                "action": "allow",
                "cidr_block": "0.0.0.0/0",
                "from_port": 0,
                "icmp_code": null,
                "icmp_type": null,
                "ipv6_cidr_block": "",
                "protocol": "-1",
                "rule_no": 100,
                "to_port": 0
              }
            ],
            "owner_id": "707817562255",
            "subnet_ids": [
              "subnet-012c7747b112cdff6"
            ],
            "tags": {
              "Name": "application-vpc-default",
              "createdBy": "\u003c%=username%\u003e"
            },
            "tags_all": {
              "Name": "application-vpc-default",
              "createdBy": "\u003c%=username%\u003e"
            },
            "vpc_id": "vpc-04a76a0944a1bbd54"
          },
          "sensitive_attributes": [],
          "private": "bnVsbA==",
          "dependencies": [
            "module.vpc.aws_vpc.this"
          ]
        }
      ]
    },
    {
      "module": "module.vpc",
      "mode": "managed",
      "type": "aws_default_route_table",
      "name": "default",
      "provider": "provider[\"registry.terraform.io/hashicorp/aws\"]",
      "instances": [
        {
          "index_key": 0,
          "schema_version": 0,
          "attributes": {
            "arn": "arn:aws:ec2:us-east-2:707817562255:route-table/rtb-07a189bc02035ce5d",
            "default_route_table_id": "rtb-07a189bc02035ce5d",
            "id": "rtb-07a189bc02035ce5d",
            "owner_id": "707817562255",
            "propagating_vgws": null,
            "route": [],
            "tags": {
              "Name": "application-vpc-default",
              "createdBy": "\u003c%=username%\u003e"
            },
            "tags_all": {
              "Name": "application-vpc-default",
              "createdBy": "\u003c%=username%\u003e"
            },
            "timeouts": {
              "create": "5m",
              "update": "5m"
            },
            "vpc_id": "vpc-04a76a0944a1bbd54"
          },
          "sensitive_attributes": [],
          "private": "eyJlMmJmYjczMC1lY2FhLTExZTYtOGY4OC0zNDM2M2JjN2M0YzAiOnsiY3JlYXRlIjozMDAwMDAwMDAwMDAsInVwZGF0ZSI6MzAwMDAwMDAwMDAwfX0=",
          "dependencies": [
            "module.vpc.aws_vpc.this"
          ]
        }
      ]
    },
    {
      "module": "module.vpc",
      "mode": "managed",
      "type": "aws_default_security_group",
      "name": "this",
      "provider": "provider[\"registry.terraform.io/hashicorp/aws\"]",
      "instances": [
        {
          "index_key": 0,
          "schema_version": 1,
          "attributes": {
            "arn": "arn:aws:ec2:us-east-2:707817562255:security-group/sg-0755769544f0d21ce",
            "description": "default VPC security group",
            "egress": [],
            "id": "sg-0755769544f0d21ce",
            "ingress": [],
            "name": "default",
            "name_prefix": "",
            "owner_id": "707817562255",
            "revoke_rules_on_delete": false,
            "tags": {
              "Name": "application-vpc-default",
              "createdBy": "\u003c%=username%\u003e"
            },
            "tags_all": {
              "Name": "application-vpc-default",
              "createdBy": "\u003c%=username%\u003e"
            },
            "vpc_id": "vpc-04a76a0944a1bbd54"
          },
          "sensitive_attributes": [],
          "private": "eyJzY2hlbWFfdmVyc2lvbiI6IjEifQ==",
          "dependencies": [
            "module.vpc.aws_vpc.this"
          ]
        }
      ]
    },
    {
      "module": "module.vpc",
      "mode": "managed",
      "type": "aws_internet_gateway",
      "name": "this",
      "provider": "provider[\"registry.terraform.io/hashicorp/aws\"]",
      "instances": [
        {
          "index_key": 0,
          "schema_version": 0,
          "attributes": {
            "arn": "arn:aws:ec2:us-east-2:707817562255:internet-gateway/igw-00688582a73cf391a",
            "id": "igw-00688582a73cf391a",
            "owner_id": "707817562255",
            "tags": {
              "Name": "application-vpc",
              "createdBy": "\u003c%=username%\u003e"
            },
            "tags_all": {
              "Name": "application-vpc",
              "createdBy": "\u003c%=username%\u003e"
            },
            "timeouts": null,
            "vpc_id": "vpc-04a76a0944a1bbd54"
          },
          "sensitive_attributes": [],
          "private": "eyJlMmJmYjczMC1lY2FhLTExZTYtOGY4OC0zNDM2M2JjN2M0YzAiOnsiY3JlYXRlIjoxMjAwMDAwMDAwMDAwLCJkZWxldGUiOjEyMDAwMDAwMDAwMDAsInVwZGF0ZSI6MTIwMDAwMDAwMDAwMH19",
          "dependencies": [
            "module.vpc.aws_vpc.this",
            "module.vpc.aws_vpc_ipv4_cidr_block_association.this"
          ]
        }
      ]
    },
    {
      "module": "module.vpc",
      "mode": "managed",
      "type": "aws_route",
      "name": "public_internet_gateway",
      "provider": "provider[\"registry.terraform.io/hashicorp/aws\"]",
      "instances": [
        {
          "index_key": 0,
          "schema_version": 0,
          "attributes": {
            "carrier_gateway_id": "",
            "core_network_arn": "",
            "destination_cidr_block": "0.0.0.0/0",
            "destination_ipv6_cidr_block": "",
            "destination_prefix_list_id": "",
            "egress_only_gateway_id": "",
            "gateway_id": "igw-00688582a73cf391a",
            "id": "r-rtb-0a7a941cc3abd5a4a1080289494",
            "instance_id": "",
            "instance_owner_id": "",
            "local_gateway_id": "",
            "nat_gateway_id": "",
            "network_interface_id": "",
            "origin": "CreateRoute",
            "route_table_id": "rtb-0a7a941cc3abd5a4a",
            "state": "active",
            "timeouts": {
              "create": "5m",
              "delete": null,
              "update": null
            },
            "transit_gateway_id": "",
            "vpc_endpoint_id": "",
            "vpc_peering_connection_id": ""
          },
          "sensitive_attributes": [],
          "private": "eyJlMmJmYjczMC1lY2FhLTExZTYtOGY4OC0zNDM2M2JjN2M0YzAiOnsiY3JlYXRlIjozMDAwMDAwMDAwMDAsImRlbGV0ZSI6MzAwMDAwMDAwMDAwLCJ1cGRhdGUiOjEyMDAwMDAwMDAwMH19",
          "dependencies": [
            "module.vpc.aws_internet_gateway.this",
            "module.vpc.aws_route_table.public",
            "module.vpc.aws_vpc.this",
            "module.vpc.aws_vpc_ipv4_cidr_block_association.this"
          ]
        }
      ]
    },
    {
      "module": "module.vpc",
      "mode": "managed",
      "type": "aws_route_table",
      "name": "public",
      "provider": "provider[\"registry.terraform.io/hashicorp/aws\"]",
      "instances": [
        {
          "index_key": 0,
          "schema_version": 0,
          "attributes": {
            "arn": "arn:aws:ec2:us-east-2:707817562255:route-table/rtb-0a7a941cc3abd5a4a",
            "id": "rtb-0a7a941cc3abd5a4a",
            "owner_id": "707817562255",
            "propagating_vgws": [],
            "route": [],
            "tags": {
              "Name": "application-vpc-public",
              "createdBy": "\u003c%=username%\u003e"
            },
            "tags_all": {
              "Name": "application-vpc-public",
              "createdBy": "\u003c%=username%\u003e"
            },
            "timeouts": null,
            "vpc_id": "vpc-04a76a0944a1bbd54"
          },
          "sensitive_attributes": [],
          "private": "eyJlMmJmYjczMC1lY2FhLTExZTYtOGY4OC0zNDM2M2JjN2M0YzAiOnsiY3JlYXRlIjozMDAwMDAwMDAwMDAsImRlbGV0ZSI6MzAwMDAwMDAwMDAwLCJ1cGRhdGUiOjEyMDAwMDAwMDAwMH19",
          "dependencies": [
            "module.vpc.aws_vpc.this",
            "module.vpc.aws_vpc_ipv4_cidr_block_association.this"
          ]
        }
      ]
    },
    {
      "module": "module.vpc",
      "mode": "managed",
      "type": "aws_route_table_association",
      "name": "public",
      "provider": "provider[\"registry.terraform.io/hashicorp/aws\"]",
      "instances": [
        {
          "index_key": 0,
          "schema_version": 0,
          "attributes": {
            "gateway_id": "",
            "id": "rtbassoc-08fc17d4eac4223af",
            "route_table_id": "rtb-0a7a941cc3abd5a4a",
            "subnet_id": "subnet-012c7747b112cdff6",
            "timeouts": null
          },
          "sensitive_attributes": [],
          "private": "eyJlMmJmYjczMC1lY2FhLTExZTYtOGY4OC0zNDM2M2JjN2M0YzAiOnsiY3JlYXRlIjozMDAwMDAwMDAwMDAsImRlbGV0ZSI6MzAwMDAwMDAwMDAwLCJ1cGRhdGUiOjEyMDAwMDAwMDAwMH19",
          "dependencies": [
            "module.vpc.aws_route_table.public",
            "module.vpc.aws_subnet.public",
            "module.vpc.aws_vpc.this",
            "module.vpc.aws_vpc_ipv4_cidr_block_association.this"
          ]
        }
      ]
    },
    {
      "module": "module.vpc",
      "mode": "managed",
      "type": "aws_subnet",
      "name": "public",
      "provider": "provider[\"registry.terraform.io/hashicorp/aws\"]",
      "instances": [
        {
          "index_key": 0,
          "schema_version": 1,
          "attributes": {
            "arn": "arn:aws:ec2:us-east-2:707817562255:subnet/subnet-012c7747b112cdff6",
            "assign_ipv6_address_on_creation": false,
            "availability_zone": "us-east-2a",
            "availability_zone_id": "use2-az1",
            "cidr_block": "10.0.101.0/24",
            "customer_owned_ipv4_pool": "",
            "enable_dns64": false,
            "enable_lni_at_device_index": 0,
            "enable_resource_name_dns_a_record_on_launch": false,
            "enable_resource_name_dns_aaaa_record_on_launch": false,
            "id": "subnet-012c7747b112cdff6",
            "ipv6_cidr_block": "",
            "ipv6_cidr_block_association_id": "",
            "ipv6_native": false,
            "map_customer_owned_ip_on_launch": false,
            "map_public_ip_on_launch": false,
            "outpost_arn": "",
            "owner_id": "707817562255",
            "private_dns_hostname_type_on_launch": "ip-name",
            "tags": {
              "Name": "application-vpc-public-us-east-2a",
              "createdBy": "\u003c%=username%\u003e"
            },
            "tags_all": {
              "Name": "application-vpc-public-us-east-2a",
              "createdBy": "\u003c%=username%\u003e"
            },
            "timeouts": null,
            "vpc_id": "vpc-04a76a0944a1bbd54"
          },
          "sensitive_attributes": [],
          "private": "eyJlMmJmYjczMC1lY2FhLTExZTYtOGY4OC0zNDM2M2JjN2M0YzAiOnsiY3JlYXRlIjo2MDAwMDAwMDAwMDAsImRlbGV0ZSI6MTIwMDAwMDAwMDAwMH0sInNjaGVtYV92ZXJzaW9uIjoiMSJ9",
          "dependencies": [
            "module.vpc.aws_vpc.this",
            "module.vpc.aws_vpc_ipv4_cidr_block_association.this"
          ]
        }
      ]
    },
    {
      "module": "module.vpc",
      "mode": "managed",
      "type": "aws_vpc",
      "name": "this",
      "provider": "provider[\"registry.terraform.io/hashicorp/aws\"]",
      "instances": [
        {
          "index_key": 0,
          "schema_version": 1,
          "attributes": {
            "arn": "arn:aws:ec2:us-east-2:707817562255:vpc/vpc-04a76a0944a1bbd54",
            "assign_generated_ipv6_cidr_block": false,
            "cidr_block": "10.0.0.0/16",
            "default_network_acl_id": "acl-0e847121db04324b9",
            "default_route_table_id": "rtb-07a189bc02035ce5d",
            "default_security_group_id": "sg-0755769544f0d21ce",
            "dhcp_options_id": "dopt-0815c602788ecf890",
            "enable_dns_hostnames": true,
            "enable_dns_support": true,
            "enable_network_address_usage_metrics": false,
            "id": "vpc-04a76a0944a1bbd54",
            "instance_tenancy": "default",
            "ipv4_ipam_pool_id": null,
            "ipv4_netmask_length": null,
            "ipv6_association_id": "",
            "ipv6_cidr_block": "",
            "ipv6_cidr_block_network_border_group": "",
            "ipv6_ipam_pool_id": "",
            "ipv6_netmask_length": 0,
            "main_route_table_id": "rtb-07a189bc02035ce5d",
            "owner_id": "707817562255",
            "tags": {
              "Name": "application-vpc",
              "createdBy": "\u003c%=username%\u003e"
            },
            "tags_all": {
              "Name": "application-vpc",
              "createdBy": "\u003c%=username%\u003e"
            }
          },
          "sensitive_attributes": [],
          "private": "eyJzY2hlbWFfdmVyc2lvbiI6IjEifQ=="
        }
      ]
    }
  ],
  "check_results": null
}
